#MicroXplorer Configuration settings - do not modify
#Thu Sep 10 18:10:40 CST 2015
ADC.Channel=ADC_CHANNEL_5
ADC.Channel-0\#ChannelRegularConversion=ADC_CHANNEL_5
ADC.ContinuousConvMode=ENABLE
ADC.DMAContinuousRequests=ENABLE
ADC.IPParameters=ContinuousConvMode,NbrOfConversionFlag,Channel-0\#ChannelRegularConversion,Channel,SamplingTime-0\#ChannelRegularConversion,DMAContinuousRequests,Rank-0\#ChannelRegularConversion
ADC.NbrOfConversionFlag=1
ADC.Rank-0\#ChannelRegularConversion=1
ADC.SamplingTime-0\#ChannelRegularConversion=ADC_SAMPLETIME_1CYCLE_5
Dma.ADC.0.Direction=DMA_PERIPH_TO_MEMORY
Dma.ADC.0.Instance=DMA1_Channel1
Dma.ADC.0.MemDataAlignment=DMA_MDATAALIGN_BYTE
Dma.ADC.0.MemInc=DMA_MINC_ENABLE
Dma.ADC.0.Mode=DMA_NORMAL
Dma.ADC.0.PeriphDataAlignment=DMA_PDATAALIGN_BYTE
Dma.ADC.0.PeriphInc=DMA_PINC_DISABLE
Dma.ADC.0.Priority=DMA_PRIORITY_HIGH
Dma.ADC.0.RequestParameters=Instance,Direction,PeriphInc,MemInc,PeriphDataAlignment,MemDataAlignment,Mode,Priority
Dma.Request0=ADC
Dma.Request1=USART1_RX
Dma.Request2=USART2_RX
Dma.Request3=SPI2_RX
Dma.RequestsNb=4
Dma.SPI2_RX.3.Direction=DMA_PERIPH_TO_MEMORY
Dma.SPI2_RX.3.Instance=DMA1_Channel4
Dma.SPI2_RX.3.MemDataAlignment=DMA_MDATAALIGN_BYTE
Dma.SPI2_RX.3.MemInc=DMA_MINC_ENABLE
Dma.SPI2_RX.3.Mode=DMA_CIRCULAR
Dma.SPI2_RX.3.PeriphDataAlignment=DMA_PDATAALIGN_BYTE
Dma.SPI2_RX.3.PeriphInc=DMA_PINC_DISABLE
Dma.SPI2_RX.3.Priority=DMA_PRIORITY_LOW
Dma.SPI2_RX.3.RequestParameters=Instance,Direction,PeriphInc,MemInc,PeriphDataAlignment,MemDataAlignment,Mode,Priority
Dma.USART1_RX.1.Direction=DMA_PERIPH_TO_MEMORY
Dma.USART1_RX.1.Instance=DMA1_Channel3
Dma.USART1_RX.1.MemDataAlignment=DMA_MDATAALIGN_BYTE
Dma.USART1_RX.1.MemInc=DMA_MINC_ENABLE
Dma.USART1_RX.1.Mode=DMA_CIRCULAR
Dma.USART1_RX.1.PeriphDataAlignment=DMA_PDATAALIGN_BYTE
Dma.USART1_RX.1.PeriphInc=DMA_PINC_DISABLE
Dma.USART1_RX.1.Priority=DMA_PRIORITY_MEDIUM
Dma.USART1_RX.1.RequestParameters=Instance,Direction,PeriphInc,MemInc,PeriphDataAlignment,MemDataAlignment,Mode,Priority
Dma.USART2_RX.2.Direction=DMA_PERIPH_TO_MEMORY
Dma.USART2_RX.2.Instance=DMA1_Channel5
Dma.USART2_RX.2.MemDataAlignment=DMA_MDATAALIGN_BYTE
Dma.USART2_RX.2.MemInc=DMA_MINC_ENABLE
Dma.USART2_RX.2.Mode=DMA_CIRCULAR
Dma.USART2_RX.2.PeriphDataAlignment=DMA_PDATAALIGN_BYTE
Dma.USART2_RX.2.PeriphInc=DMA_PINC_DISABLE
Dma.USART2_RX.2.Priority=DMA_PRIORITY_LOW
Dma.USART2_RX.2.RequestParameters=Instance,Direction,PeriphInc,MemInc,PeriphDataAlignment,MemDataAlignment,Mode,Priority
File.Version=5
KeepUserPlacement=false
Mcu.Family=STM32F0
Mcu.IP0=ADC
Mcu.IP1=DMA
Mcu.IP10=USART1
Mcu.IP11=USART2
Mcu.IP2=I2C1
Mcu.IP3=I2C2
Mcu.IP4=IWDG
Mcu.IP5=NVIC
Mcu.IP6=RCC
Mcu.IP7=SPI2
Mcu.IP8=SYS
Mcu.IP9=TIM1
Mcu.IPNb=12
Mcu.Name=STM32F030R8Tx
Mcu.Package=LQFP64
Mcu.Pin0=PC13
Mcu.Pin1=PC14-OSC32_IN
Mcu.Pin10=PA1
Mcu.Pin11=PA2
Mcu.Pin12=PA3
Mcu.Pin13=PF4
Mcu.Pin14=PF5
Mcu.Pin15=PA4
Mcu.Pin16=PA5
Mcu.Pin17=PA6
Mcu.Pin18=PA7
Mcu.Pin19=PC4
Mcu.Pin2=PC15-OSC32_OUT
Mcu.Pin20=PC5
Mcu.Pin21=PB0
Mcu.Pin22=PB10
Mcu.Pin23=PB11
Mcu.Pin24=PB12
Mcu.Pin25=PB13
Mcu.Pin26=PB14
Mcu.Pin27=PB15
Mcu.Pin28=PC6
Mcu.Pin29=PC7
Mcu.Pin3=PF0-OSC_IN
Mcu.Pin30=PC8
Mcu.Pin31=PC9
Mcu.Pin32=PA8
Mcu.Pin33=PA9
Mcu.Pin34=PA10
Mcu.Pin35=PA11
Mcu.Pin36=PA12
Mcu.Pin37=PA13
Mcu.Pin38=PF6
Mcu.Pin39=PF7
Mcu.Pin4=PF1-OSC_OUT
Mcu.Pin40=PA14
Mcu.Pin41=PA15
Mcu.Pin42=PC10
Mcu.Pin43=PC11
Mcu.Pin44=PC12
Mcu.Pin45=PD2
Mcu.Pin46=PB3
Mcu.Pin47=PB4
Mcu.Pin48=PB5
Mcu.Pin49=PB6
Mcu.Pin5=PC0
Mcu.Pin50=PB7
Mcu.Pin51=PB8
Mcu.Pin52=PB9
Mcu.Pin53=VP_IWDG_VS_IWDG
Mcu.Pin54=VP_TIM1_VS_ClockSourceINT
Mcu.Pin6=PC1
Mcu.Pin7=PC2
Mcu.Pin8=PC3
Mcu.Pin9=PA0
Mcu.PinsNb=55
Mcu.UserName=STM32F030R8Tx
MxCube.Version=4.6.0
MxDb.Version=DB.4.0.60
NVIC.DMA1_Channel1_IRQn=true\:0\:0\:true
NVIC.SysTick_IRQn=true\:0\:0\:true
NVIC.TIM1_BRK_UP_TRG_COM_IRQn=true\:0\:0\:true
PA0.Locked=true
PA0.Signal=GPIO_Output
PA1.Locked=true
PA1.Signal=GPIO_Output
PA10.Locked=true
PA10.Mode=Asynchronous
PA10.Signal=USART1_RX
PA11.GPIOParameters=GPIO_Speed,GPIO_PuPd,GPIO_Label,GPIO_ModeDefaultOutputPP
PA11.GPIO_Label=WIFI_IO
PA11.GPIO_ModeDefaultOutputPP=GPIO_MODE_OUTPUT_PP
PA11.GPIO_PuPd=GPIO_NOPULL
PA11.GPIO_Speed=GPIO_SPEED_LOW
PA11.Locked=true
PA11.Signal=GPIO_Output
PA12.GPIOParameters=GPIO_Speed,GPIO_PuPd,GPIO_Label,GPIO_ModeDefaultOutputPP
PA12.GPIO_Label=WIFI_IO
PA12.GPIO_ModeDefaultOutputPP=GPIO_MODE_OUTPUT_PP
PA12.GPIO_PuPd=GPIO_NOPULL
PA12.GPIO_Speed=GPIO_SPEED_LOW
PA12.Locked=true
PA12.Signal=GPIO_Output
PA13.Mode=Serial-WireDebug
PA13.Signal=SYS_SWDIO
PA14.Mode=Serial-WireDebug
PA14.Signal=SYS_SWCLK
PA15.GPIOParameters=GPIO_Speed,GPIO_PuPd,GPIO_Label,GPIO_ModeDefaultOutputPP
PA15.GPIO_Label=BAT_charg_EN
PA15.GPIO_ModeDefaultOutputPP=GPIO_MODE_OUTPUT_PP
PA15.GPIO_PuPd=GPIO_NOPULL
PA15.GPIO_Speed=GPIO_SPEED_LOW
PA15.Locked=true
PA15.Signal=GPIO_Output
PA2.Mode=Asynchronous
PA2.Signal=USART2_TX
PA3.Locked=true
PA3.Mode=Asynchronous
PA3.Signal=USART2_RX
PA4.GPIOParameters=GPIO_Speed,GPIO_PuPd,GPIO_Label,GPIO_ModeDefaultOutputPP
PA4.GPIO_Label=th_en
PA4.GPIO_ModeDefaultOutputPP=GPIO_MODE_OUTPUT_PP
PA4.GPIO_PuPd=GPIO_NOPULL
PA4.GPIO_Speed=GPIO_SPEED_LOW
PA4.Locked=true
PA4.Signal=GPIO_Output
PA5.Mode=IN5
PA5.Signal=ADC_IN5
PA6.Mode=IN6
PA6.Signal=ADC_IN6
PA7.GPIOParameters=GPIO_Speed,GPIO_PuPd,GPIO_Label,GPIO_ModeDefaultOutputPP
PA7.GPIO_Label=co2_en
PA7.GPIO_ModeDefaultOutputPP=GPIO_MODE_OUTPUT_PP
PA7.GPIO_PuPd=GPIO_NOPULL
PA7.GPIO_Speed=GPIO_SPEED_LOW
PA7.Locked=true
PA7.Signal=GPIO_Output
PA8.GPIOParameters=GPIO_Speed,GPIO_PuPd,GPIO_Label,GPIO_ModeDefaultOutputPP
PA8.GPIO_Label=HCHO_EN
PA8.GPIO_ModeDefaultOutputPP=GPIO_MODE_OUTPUT_PP
PA8.GPIO_PuPd=GPIO_NOPULL
PA8.GPIO_Speed=GPIO_SPEED_LOW
PA8.Locked=true
PA8.Signal=GPIO_Output
PA9.Locked=true
PA9.Mode=Asynchronous
PA9.Signal=USART1_TX
PB0.GPIOParameters=GPIO_Speed,GPIO_PuPd,GPIO_Label,GPIO_ModeDefaultOutputPP
PB0.GPIO_Label=CO2_PWM
PB0.GPIO_ModeDefaultOutputPP=GPIO_MODE_OUTPUT_PP
PB0.GPIO_PuPd=GPIO_NOPULL
PB0.GPIO_Speed=GPIO_SPEED_LOW
PB0.Locked=true
PB0.Signal=GPIO_Output
PB10.GPIOParameters=GPIO_Speed,GPIO_PuPdOD,GPIO_PuPd,GPIO_Mode
PB10.GPIO_Mode=GPIO_MODE_AF_OD
PB10.GPIO_PuPd=GPIO_PULLUP
PB10.GPIO_PuPdOD=GPIO_PULLUP
PB10.GPIO_Speed=GPIO_SPEED_LOW
PB10.Mode=I2C
PB10.Signal=I2C2_SCL
PB11.GPIOParameters=GPIO_Speed,GPIO_PuPdOD,GPIO_PuPd,GPIO_Mode
PB11.GPIO_Mode=GPIO_MODE_AF_OD
PB11.GPIO_PuPd=GPIO_PULLUP
PB11.GPIO_PuPdOD=GPIO_PULLUP
PB11.GPIO_Speed=GPIO_SPEED_LOW
PB11.Mode=I2C
PB11.Signal=I2C2_SDA
PB12.Mode=NSS_Signal_Hard
PB12.Signal=SPI2_NSS
PB13.Mode=Full_Duplex_Master
PB13.Signal=SPI2_SCK
PB14.Mode=Full_Duplex_Master
PB14.Signal=SPI2_MISO
PB15.Mode=Full_Duplex_Master
PB15.Signal=SPI2_MOSI
PB3.GPIOParameters=GPIO_Speed,GPIO_PuPd,GPIO_Label,GPIO_ModeDefaultOutputPP
PB3.GPIO_Label=USB5V_TEST
PB3.GPIO_ModeDefaultOutputPP=GPIO_MODE_OUTPUT_PP
PB3.GPIO_PuPd=GPIO_NOPULL
PB3.GPIO_Speed=GPIO_SPEED_LOW
PB3.Locked=true
PB3.Signal=GPIO_Output
PB4.Locked=true
PB4.Signal=GPIO_Input
PB5.GPIOParameters=GPIO_Speed,GPIO_PuPd,GPIO_Label,GPIO_ModeDefaultOutputPP
PB5.GPIO_Label=UART_CS
PB5.GPIO_ModeDefaultOutputPP=GPIO_MODE_OUTPUT_PP
PB5.GPIO_PuPd=GPIO_NOPULL
PB5.GPIO_Speed=GPIO_SPEED_LOW
PB5.Locked=true
PB5.Signal=GPIO_Output
PB6.GPIOParameters=GPIO_Speed,GPIO_FM6,GPIO_PuPd,GPIO_Label,GPIO_ModeDefaultOutputPP
PB6.GPIO_FM6=__NULL
PB6.GPIO_Label=uart_cs
PB6.GPIO_ModeDefaultOutputPP=GPIO_MODE_OUTPUT_PP
PB6.GPIO_PuPd=GPIO_NOPULL
PB6.GPIO_Speed=GPIO_SPEED_LOW
PB6.Locked=true
PB6.Signal=GPIO_Output
PB7.GPIOParameters=GPIO_Speed,GPIO_PuPd,GPIO_Label,GPIO_ModeDefaultOutputPP,GPIO_FM7
PB7.GPIO_FM7=__NULL
PB7.GPIO_Label=POWER_EN
PB7.GPIO_ModeDefaultOutputPP=GPIO_MODE_OUTPUT_PP
PB7.GPIO_PuPd=GPIO_NOPULL
PB7.GPIO_Speed=GPIO_SPEED_LOW
PB7.Locked=true
PB7.Signal=GPIO_Output
PB8.GPIOParameters=GPIO_Speed,GPIO_PuPdOD,GPIO_PuPd,GPIO_FM8,GPIO_Mode
PB8.GPIO_FM8=__NULL
PB8.GPIO_Mode=GPIO_MODE_AF_OD
PB8.GPIO_PuPd=GPIO_PULLUP
PB8.GPIO_PuPdOD=GPIO_PULLUP
PB8.GPIO_Speed=GPIO_SPEED_LOW
PB8.Locked=true
PB8.Mode=I2C
PB8.Signal=I2C1_SCL
PB9.GPIOParameters=GPIO_Speed,GPIO_PuPdOD,GPIO_PuPd,GPIO_Mode,GPIO_FM9
PB9.GPIO_FM9=__NULL
PB9.GPIO_Mode=GPIO_MODE_AF_OD
PB9.GPIO_PuPd=GPIO_PULLUP
PB9.GPIO_PuPdOD=GPIO_PULLUP
PB9.GPIO_Speed=GPIO_SPEED_LOW
PB9.Locked=true
PB9.Mode=I2C
PB9.Signal=I2C1_SDA
PC0.Locked=true
PC0.Signal=GPIO_Output
PC1.Locked=true
PC1.Signal=GPIO_Output
PC10.Locked=true
PC10.Signal=GPIO_Output
PC11.Locked=true
PC11.Signal=GPIO_Output
PC12.Locked=true
PC12.Signal=GPIO_Output
PC13.Locked=true
PC13.Signal=GPIO_Output
PC14-OSC32_IN.Locked=true
PC14-OSC32_IN.Signal=GPIO_Output
PC15-OSC32_OUT.Locked=true
PC15-OSC32_OUT.Signal=GPIO_Output
PC2.Locked=true
PC2.Signal=GPIO_Output
PC3.Locked=true
PC3.Signal=GPIO_Output
PC4.Locked=true
PC4.Signal=GPIO_Output
PC5.Locked=true
PC5.Signal=GPIO_Output
PC6.Locked=true
PC6.Signal=GPIO_Output
PC7.Locked=true
PC7.Signal=GPIO_Output
PC8.Locked=true
PC8.Signal=GPIO_Output
PC9.Locked=true
PC9.Signal=GPIO_Output
PCC.Family=STM32F0
PCC.MCU=STM32F030R8Tx
PCC.MXVersion=4.6.0
PCC.PartNumber=STM32F030R8Tx
PCC.Seq0=0
PCC.SubFamily=STM32F0x0 Value Line
PCC.Temperature=25
PCC.Vdd=3.6
PD2.Locked=true
PD2.Signal=GPIO_Input
PF0-OSC_IN.GPIOParameters=GPIO_Speed,GPIO_PuPd,GPIO_Label,GPIO_ModeDefaultOutputPP
PF0-OSC_IN.GPIO_Label=LCDIO
PF0-OSC_IN.GPIO_ModeDefaultOutputPP=GPIO_MODE_OUTPUT_PP
PF0-OSC_IN.GPIO_PuPd=GPIO_NOPULL
PF0-OSC_IN.GPIO_Speed=GPIO_SPEED_LOW
PF0-OSC_IN.Locked=true
PF0-OSC_IN.Signal=GPIO_Output
PF1-OSC_OUT.GPIOParameters=GPIO_Speed,GPIO_PuPd,GPIO_Label,GPIO_ModeDefaultOutputPP
PF1-OSC_OUT.GPIO_Label=LCDIO
PF1-OSC_OUT.GPIO_ModeDefaultOutputPP=GPIO_MODE_OUTPUT_PP
PF1-OSC_OUT.GPIO_PuPd=GPIO_NOPULL
PF1-OSC_OUT.GPIO_Speed=GPIO_SPEED_LOW
PF1-OSC_OUT.Locked=true
PF1-OSC_OUT.Signal=GPIO_Output
PF4.GPIOParameters=GPIO_Speed,GPIO_PuPd,GPIO_Label,GPIO_ModeDefaultOutputPP
PF4.GPIO_Label=LCD_EN_BL
PF4.GPIO_ModeDefaultOutputPP=GPIO_MODE_OUTPUT_PP
PF4.GPIO_PuPd=GPIO_NOPULL
PF4.GPIO_Speed=GPIO_SPEED_LOW
PF4.Locked=true
PF4.Signal=GPIO_Output
PF5.GPIOParameters=GPIO_Speed,GPIO_PuPd,GPIO_Label,GPIO_ModeDefaultOutputPP
PF5.GPIO_Label=B2_EN
PF5.GPIO_ModeDefaultOutputPP=GPIO_MODE_OUTPUT_PP
PF5.GPIO_PuPd=GPIO_NOPULL
PF5.GPIO_Speed=GPIO_SPEED_LOW
PF5.Locked=true
PF5.Signal=GPIO_Output
PF6.GPIOParameters=GPIO_Speed,GPIO_PuPd,GPIO_Label,GPIO_ModeDefaultOutputPP
PF6.GPIO_Label=LCDIO
PF6.GPIO_ModeDefaultOutputPP=GPIO_MODE_OUTPUT_PP
PF6.GPIO_PuPd=GPIO_NOPULL
PF6.GPIO_Speed=GPIO_SPEED_LOW
PF6.Locked=true
PF6.Signal=GPIO_Output
PF7.GPIOParameters=GPIO_Speed,GPIO_PuPd,GPIO_Label,GPIO_ModeDefaultOutputPP
PF7.GPIO_Label=adxl1345_EN
PF7.GPIO_ModeDefaultOutputPP=GPIO_MODE_OUTPUT_PP
PF7.GPIO_PuPd=GPIO_NOPULL
PF7.GPIO_Speed=GPIO_SPEED_LOW
PF7.Locked=true
PF7.Signal=GPIO_Output
ProjectManager.AskForMigrate=true
ProjectManager.BackupPrevious=false
ProjectManager.CompilerOptimize=2
ProjectManager.ComputerToolchain=false
ProjectManager.CoupleFile=false
ProjectManager.DeletePrevious=true
ProjectManager.DeviceId=STM32F030R8Tx
ProjectManager.FirmwarePackage=STM32Cube FW_F0 V1.2.1
ProjectManager.FreePins=false
ProjectManager.HalAssertFull=false
ProjectManager.KeepUserCode=true
ProjectManager.LastFirmware=true
ProjectManager.LibraryCopy=0
ProjectManager.ProjectBuild=false
ProjectManager.ProjectFileName=idea.ioc
ProjectManager.ProjectName=idea
ProjectManager.TargetToolchain=MDK-ARM 4.73
ProjectManager.ToolChainLocation=
RCC.AHBFreq_Value=48000000
RCC.APB1Freq_Value=48000000
RCC.APB1TimFreq_Value=48000000
RCC.FCLKCortexFreq_Value=48000000
RCC.FamilyName=M
RCC.HCLKFreq_Value=48000000
RCC.IPParameters=PLLMUL,FamilyName,PLLMCOFreq_Value,APB1TimFreq_Value,HCLKFreq_Value,FCLKCortexFreq_Value,AHBFreq_Value,TimSysFreq_Value,USART1Freq_Value,SYSCLKFreq_VALUE,SYSCLKSource,MCOFreq_Value,APB1Freq_Value,PLLCLKFreq_Value
RCC.MCOFreq_Value=48000000
RCC.PLLCLKFreq_Value=48000000
RCC.PLLMCOFreq_Value=24000000
RCC.PLLMUL=RCC_PLL_MUL12
RCC.SYSCLKFreq_VALUE=48000000
RCC.SYSCLKSource=RCC_SYSCLKSOURCE_PLLCLK
RCC.TimSysFreq_Value=6000000
RCC.USART1Freq_Value=48000000
SPI2.BaudRatePrescaler-Full_Duplex_Master=SPI_BAUDRATEPRESCALER_8
SPI2.CalculateBaudRate-Full_Duplex_Master=6.0 MBits/s
SPI2.IPParameters=Mode-Full_Duplex_Master,VirtualNSS,BaudRatePrescaler-Full_Duplex_Master,NSSPMode-Full_Duplex_Master,CalculateBaudRate-Full_Duplex_Master
SPI2.Mode-Full_Duplex_Master=SPI_MODE_MASTER
SPI2.NSSPMode-Full_Duplex_Master=SPI_NSS_PULSE_DISABLED
SPI2.VirtualNSS=VM_NSSHARD
TIM1.IPParameters=Prescaler,Period
TIM1.Period=99
TIM1.Prescaler=47
VP_IWDG_VS_IWDG.Mode=IWDG_Activate
VP_IWDG_VS_IWDG.Signal=IWDG_VS_IWDG
VP_TIM1_VS_ClockSourceINT.Mode=Internal
VP_TIM1_VS_ClockSourceINT.Signal=TIM1_VS_ClockSourceINT
